
Microsoft Visual Studio Solution File, Format Version 12.00
# Visual Studio Version 16
VisualStudioVersion = 16.0.30011.22
MinimumVisualStudioVersion = 10.0.40219.1
Project("{FAE04EC0-301F-11D3-BF4B-00C04F79EFBC}") = "Save_the_Humans", "Save_the_Humans.csproj", "{234C1DE9-99D7-4D51-81A0-CD1F17B8790A}"
EndProject
Global
	GlobalSection(SolutionConfigurationPlatforms) = preSolution
		Debug|Any CPU = Debug|Any CPU
		Release|Any CPU = Release|Any CPU
	EndGlobalSection
	GlobalSection(ProjectConfigurationPlatforms) = postSolution
		{234C1DE9-99D7-4D51-81A0-CD1F17B8790A}.Debug|Any CPU.ActiveCfg = Debug|Any CPU
		{234C1DE9-99D7-4D51-81A0-CD1F17B8790A}.Debug|Any CPU.Build.0 = Debug|Any CPU
		{234C1DE9-99D7-4D51-81A0-CD1F17B8790A}.Release|Any CPU.ActiveCfg = Release|Any CPU
		{234C1DE9-99D7-4D51-81A0-CD1F17B8790A}.Release|Any CPU.Build.0 = Release|Any CPU
	EndGlobalSection
	GlobalSection(SolutionProperties) = preSolution
		HideSolutionNode = FALSE
	EndGlobalSection
	GlobalSection(ExtensibilityGlobals) = postSolution
		SolutionGuid = {49CA61A6-981F-41BC-865A-80CB3C9EC8C1}
	EndGlobalSection
EndGlobal
